
Microsoft Visual Studio Solution File, Format Version 12.00
# Visual Studio 15
VisualStudioVersion = 15.0.28307.421
MinimumVisualStudioVersion = 10.0.40219.1
Project("{159641D6-6404-4A2A-AE62-294DE0FE8301}") = "HW5", "HW5\HW5.dtproj", "{CBEC613C-F646-4668-8367-D7979A88C5A5}"
EndProject
Global
	GlobalSection(SolutionConfigurationPlatforms) = preSolution
		Development|Default = Development|Default
	EndGlobalSection
	GlobalSection(ProjectConfigurationPlatforms) = postSolution
		{CBEC613C-F646-4668-8367-D7979A88C5A5}.Development|Default.ActiveCfg = Development
		{CBEC613C-F646-4668-8367-D7979A88C5A5}.Development|Default.Build.0 = Development
	EndGlobalSection
	GlobalSection(SolutionProperties) = preSolution
		HideSolutionNode = FALSE
	EndGlobalSection
	GlobalSection(ExtensibilityGlobals) = postSolution
		SolutionGuid = {BE5894AD-BC19-46A4-9910-87E70F9302C4}
	EndGlobalSection
EndGlobal
